
Microsoft Visual Studio Solution File, Format Version 11.00
# Visual Studio 2010
Project("{8BC9CEB8-8B4A-11D0-8D11-00A0C91BC942}") = "BlocoCore", "BlocoCore\BlocoCore.vcxproj", "{6CC2B61E-071E-453E-8DA4-C98AB5C2CCD8}"
EndProject
Global
	GlobalSection(SolutionConfigurationPlatforms) = preSolution
		Debug|Win32 = Debug|Win32
		Release|Win32 = Release|Win32
	EndGlobalSection
	GlobalSection(ProjectConfigurationPlatforms) = postSolution
		{6CC2B61E-071E-453E-8DA4-C98AB5C2CCD8}.Debug|Win32.ActiveCfg = Debug|Win32
		{6CC2B61E-071E-453E-8DA4-C98AB5C2CCD8}.Debug|Win32.Build.0 = Debug|Win32
		{6CC2B61E-071E-453E-8DA4-C98AB5C2CCD8}.Release|Win32.ActiveCfg = Release|Win32
		{6CC2B61E-071E-453E-8DA4-C98AB5C2CCD8}.Release|Win32.Build.0 = Release|Win32
	EndGlobalSection
	GlobalSection(SolutionProperties) = preSolution
		HideSolutionNode = FALSE
	EndGlobalSection
EndGlobal
